
Microsoft Visual Studio Solution File, Format Version 12.00
# Visual Studio Version 17
VisualStudioVersion = 17.9.34728.123
MinimumVisualStudioVersion = 10.0.40219.1
Project("{FAE04EC0-301F-11D3-BF4B-00C04F79EFBC}") = "ContactUs", "ContactUs\ContactUs.csproj", "{E9146A55-633C-42CD-A2C9-A5D342DC075E}"
EndProject
Global
	GlobalSection(SolutionConfigurationPlatforms) = preSolution
		Debug|Any CPU = Debug|Any CPU
		Release|Any CPU = Release|Any CPU
	EndGlobalSection
	GlobalSection(ProjectConfigurationPlatforms) = postSolution
		{E9146A55-633C-42CD-A2C9-A5D342DC075E}.Debug|Any CPU.ActiveCfg = Debug|Any CPU
		{E9146A55-633C-42CD-A2C9-A5D342DC075E}.Debug|Any CPU.Build.0 = Debug|Any CPU
		{E9146A55-633C-42CD-A2C9-A5D342DC075E}.Release|Any CPU.ActiveCfg = Release|Any CPU
		{E9146A55-633C-42CD-A2C9-A5D342DC075E}.Release|Any CPU.Build.0 = Release|Any CPU
	EndGlobalSection
	GlobalSection(SolutionProperties) = preSolution
		HideSolutionNode = FALSE
	EndGlobalSection
	GlobalSection(ExtensibilityGlobals) = postSolution
		SolutionGuid = {62FA425C-0DF6-497F-B706-A55A6820A58B}
	EndGlobalSection
EndGlobal
